
Microsoft Visual Studio Solution File, Format Version 12.00
# Visual Studio Version 17
VisualStudioVersion = 17.1.32328.378
MinimumVisualStudioVersion = 10.0.40219.1
Project("{FAE04EC0-301F-11D3-BF4B-00C04F79EFBC}") = "S3ClientApp", "S3ClientApp\S3ClientApp.csproj", "{60FF85BB-192B-48A7-AF87-2435E3082156}"
EndProject
Global
	GlobalSection(SolutionConfigurationPlatforms) = preSolution
		Debug|Any CPU = Debug|Any CPU
		Release|Any CPU = Release|Any CPU
	EndGlobalSection
	GlobalSection(ProjectConfigurationPlatforms) = postSolution
		{60FF85BB-192B-48A7-AF87-2435E3082156}.Debug|Any CPU.ActiveCfg = Debug|Any CPU
		{60FF85BB-192B-48A7-AF87-2435E3082156}.Debug|Any CPU.Build.0 = Debug|Any CPU
		{60FF85BB-192B-48A7-AF87-2435E3082156}.Release|Any CPU.ActiveCfg = Release|Any CPU
		{60FF85BB-192B-48A7-AF87-2435E3082156}.Release|Any CPU.Build.0 = Release|Any CPU
	EndGlobalSection
	GlobalSection(SolutionProperties) = preSolution
		HideSolutionNode = FALSE
	EndGlobalSection
	GlobalSection(ExtensibilityGlobals) = postSolution
		SolutionGuid = {90EBB3B4-BCF3-4B25-934F-C9D5B935B26B}
	EndGlobalSection
EndGlobal
