
Microsoft Visual Studio Solution File, Format Version 12.00
# Visual Studio Version 17
VisualStudioVersion = 17.1.32328.378
MinimumVisualStudioVersion = 10.0.40219.1
Project("{9A19103F-16F7-4668-BE54-9A1E7A4F7556}") = "XmlSearcher1", "XmlSearcher1\XmlSearcher1.csproj", "{19F95199-64F9-4AF6-9402-ABAB81E4F246}"
EndProject
Project("{FAE04EC0-301F-11D3-BF4B-00C04F79EFBC}") = "XmlSearcher2", "XmlSearcher2\XmlSearcher2.csproj", "{50809A04-4DC4-4729-89FD-B3A2B99BAE3F}"
EndProject
Global
	GlobalSection(SolutionConfigurationPlatforms) = preSolution
		Debug|Any CPU = Debug|Any CPU
		Release|Any CPU = Release|Any CPU
	EndGlobalSection
	GlobalSection(ProjectConfigurationPlatforms) = postSolution
		{19F95199-64F9-4AF6-9402-ABAB81E4F246}.Debug|Any CPU.ActiveCfg = Debug|Any CPU
		{19F95199-64F9-4AF6-9402-ABAB81E4F246}.Debug|Any CPU.Build.0 = Debug|Any CPU
		{19F95199-64F9-4AF6-9402-ABAB81E4F246}.Release|Any CPU.ActiveCfg = Release|Any CPU
		{19F95199-64F9-4AF6-9402-ABAB81E4F246}.Release|Any CPU.Build.0 = Release|Any CPU
		{50809A04-4DC4-4729-89FD-B3A2B99BAE3F}.Debug|Any CPU.ActiveCfg = Debug|Any CPU
		{50809A04-4DC4-4729-89FD-B3A2B99BAE3F}.Debug|Any CPU.Build.0 = Debug|Any CPU
		{50809A04-4DC4-4729-89FD-B3A2B99BAE3F}.Release|Any CPU.ActiveCfg = Release|Any CPU
		{50809A04-4DC4-4729-89FD-B3A2B99BAE3F}.Release|Any CPU.Build.0 = Release|Any CPU
	EndGlobalSection
	GlobalSection(SolutionProperties) = preSolution
		HideSolutionNode = FALSE
	EndGlobalSection
	GlobalSection(ExtensibilityGlobals) = postSolution
		SolutionGuid = {0DBFDEEA-BD2C-463D-BD59-C97EC85D5E0E}
	EndGlobalSection
EndGlobal
