
Microsoft Visual Studio Solution File, Format Version 12.00
# Visual Studio Version 17
VisualStudioVersion = 17.1.32421.90
MinimumVisualStudioVersion = 10.0.40219.1
Project("{FAE04EC0-301F-11D3-BF4B-00C04F79EFBC}") = "InsuranceDataService", "InsuranceDataService.csproj", "{DDF4711F-CEFB-43E4-8488-A1092B65C644}"
EndProject
Global
	GlobalSection(SolutionConfigurationPlatforms) = preSolution
		Debug|Any CPU = Debug|Any CPU
		Release|Any CPU = Release|Any CPU
	EndGlobalSection
	GlobalSection(ProjectConfigurationPlatforms) = postSolution
		{DDF4711F-CEFB-43E4-8488-A1092B65C644}.Debug|Any CPU.ActiveCfg = Debug|Any CPU
		{DDF4711F-CEFB-43E4-8488-A1092B65C644}.Debug|Any CPU.Build.0 = Debug|Any CPU
		{DDF4711F-CEFB-43E4-8488-A1092B65C644}.Release|Any CPU.ActiveCfg = Release|Any CPU
		{DDF4711F-CEFB-43E4-8488-A1092B65C644}.Release|Any CPU.Build.0 = Release|Any CPU
	EndGlobalSection
	GlobalSection(SolutionProperties) = preSolution
		HideSolutionNode = FALSE
	EndGlobalSection
	GlobalSection(ExtensibilityGlobals) = postSolution
		SolutionGuid = {C0F4B1C5-9C39-4AF2-80AE-595057E00B66}
	EndGlobalSection
EndGlobal
