
Microsoft Visual Studio Solution File, Format Version 12.00
# Visual Studio Version 17
VisualStudioVersion = 17.1.32328.378
MinimumVisualStudioVersion = 10.0.40219.1
Project("{9A19103F-16F7-4668-BE54-9A1E7A4F7556}") = "VerifyPatientFunction", "VerifyPatientFunction\VerifyPatientFunction.csproj", "{E496A47C-46FF-4469-A869-85D6877CECF6}"
EndProject
Project("{FAE04EC0-301F-11D3-BF4B-00C04F79EFBC}") = "AdministratorConsole", "AdministratorConsole\AdministratorConsole.csproj", "{AF597450-EF1E-45CD-9F3E-F6A116C900F6}"
EndProject
Global
	GlobalSection(SolutionConfigurationPlatforms) = preSolution
		Debug|Any CPU = Debug|Any CPU
		Release|Any CPU = Release|Any CPU
	EndGlobalSection
	GlobalSection(ProjectConfigurationPlatforms) = postSolution
		{E496A47C-46FF-4469-A869-85D6877CECF6}.Debug|Any CPU.ActiveCfg = Debug|Any CPU
		{E496A47C-46FF-4469-A869-85D6877CECF6}.Debug|Any CPU.Build.0 = Debug|Any CPU
		{E496A47C-46FF-4469-A869-85D6877CECF6}.Release|Any CPU.ActiveCfg = Release|Any CPU
		{E496A47C-46FF-4469-A869-85D6877CECF6}.Release|Any CPU.Build.0 = Release|Any CPU
		{AF597450-EF1E-45CD-9F3E-F6A116C900F6}.Debug|Any CPU.ActiveCfg = Debug|Any CPU
		{AF597450-EF1E-45CD-9F3E-F6A116C900F6}.Debug|Any CPU.Build.0 = Debug|Any CPU
		{AF597450-EF1E-45CD-9F3E-F6A116C900F6}.Release|Any CPU.ActiveCfg = Release|Any CPU
		{AF597450-EF1E-45CD-9F3E-F6A116C900F6}.Release|Any CPU.Build.0 = Release|Any CPU
	EndGlobalSection
	GlobalSection(SolutionProperties) = preSolution
		HideSolutionNode = FALSE
	EndGlobalSection
	GlobalSection(ExtensibilityGlobals) = postSolution
		SolutionGuid = {E61DE6F1-3DE3-4276-BE32-35B91733B5D0}
	EndGlobalSection
EndGlobal
